// !$*UTF8*$!
{
	archiveVersion = 1;
	classes = {
	};
	objectVersion = 46;
	objects = {

/* Begin PBXBuildFile section */
		BFD62F2819B6699600D28719 /* Barnes.h in Headers */ = {isa = PBXBuildFile; fileRef = BFD62F2719B6699600D28719 /* Barnes.h */; settings = {ATTRIBUTES = (Public, ); }; };
		BFD62F3219B6699600D28719 /* BarnesTests.swift in Sources */ = {isa = PBXBuildFile; fileRef = BFD62F3119B6699600D28719 /* BarnesTests.swift */; };
		BFD62F3C19B669A600D28719 /* Barnes.swift in Sources */ = {isa = PBXBuildFile; fileRef = BFD62F3B19B669A600D28719 /* Barnes.swift */; };
		BFD62F3E19B66B0300D28719 /* Crack.framework in Frameworks */ = {isa = PBXBuildFile; fileRef = BFD62F3D19B66B0300D28719 /* Crack.framework */; };
/* End PBXBuildFile section */

/* Begin PBXFileReference section */
		BFD62F2219B6699600D28719 /* Barnes.framework */ = {isa = PBXFileReference; explicitFileType = wrapper.framework; includeInIndex = 0; path = Barnes.framework; sourceTree = BUILT_PRODUCTS_DIR; };
		BFD62F2619B6699600D28719 /* Info.plist */ = {isa = PBXFileReference; lastKnownFileType = text.plist.xml; path = Info.plist; sourceTree = "<group>"; };
		BFD62F2719B6699600D28719 /* Barnes.h */ = {isa = PBXFileReference; lastKnownFileType = sourcecode.c.h; path = Barnes.h; sourceTree = "<group>"; };
		BFD62F2D19B6699600D28719 /* BarnesTests.xctest */ = {isa = PBXFileReference; explicitFileType = wrapper.cfbundle; includeInIndex = 0; path = BarnesTests.xctest; sourceTree = BUILT_PRODUCTS_DIR; };
		BFD62F3019B6699600D28719 /* Info.plist */ = {isa = PBXFileReference; lastKnownFileType = text.plist.xml; path = Info.plist; sourceTree = "<group>"; };
		BFD62F3119B6699600D28719 /* BarnesTests.swift */ = {isa = PBXFileReference; lastKnownFileType = sourcecode.swift; path = BarnesTests.swift; sourceTree = "<group>"; };
		BFD62F3B19B669A600D28719 /* Barnes.swift */ = {isa = PBXFileReference; fileEncoding = 4; lastKnownFileType = sourcecode.swift; path = Barnes.swift; sourceTree = "<group>"; };
		BFD62F3D19B66B0300D28719 /* Crack.framework */ = {isa = PBXFileReference; lastKnownFileType = wrapper.framework; name = Crack.framework; path = "../../../../Library/Developer/Xcode/DerivedData/Underwood-ahwpnkhqvzliorgexzxtkpvmvbiy/Build/Products/Debug/Crack.framework"; sourceTree = "<group>"; };
/* End PBXFileReference section */

/* Begin PBXFrameworksBuildPhase section */
		BFD62F1E19B6699600D28719 /* Frameworks */ = {
			isa = PBXFrameworksBuildPhase;
			buildActionMask = 2147483647;
			files = (
				BFD62F3E19B66B0300D28719 /* Crack.framework in Frameworks */,
			);
			runOnlyForDeploymentPostprocessing = 0;
		};
		BFD62F2A19B6699600D28719 /* Frameworks */ = {
			isa = PBXFrameworksBuildPhase;
			buildActionMask = 2147483647;
			files = (
			);
			runOnlyForDeploymentPostprocessing = 0;
		};
/* End PBXFrameworksBuildPhase section */

/* Begin PBXGroup section */
		BFD62F1819B6699600D28719 = {
			isa = PBXGroup;
			children = (
				BFD62F3D19B66B0300D28719 /* Crack.framework */,
				BFD62F2419B6699600D28719 /* Barnes */,
				BFD62F2E19B6699600D28719 /* BarnesTests */,
				BFD62F2319B6699600D28719 /* Products */,
			);
			sourceTree = "<group>";
		};
		BFD62F2319B6699600D28719 /* Products */ = {
			isa = PBXGroup;
			children = (
				BFD62F2219B6699600D28719 /* Barnes.framework */,
				BFD62F2D19B6699600D28719 /* BarnesTests.xctest */,
			);
			name = Products;
			sourceTree = "<group>";
		};
		BFD62F2419B6699600D28719 /* Barnes */ = {
			isa = PBXGroup;
			children = (
				BFD62F2719B6699600D28719 /* Barnes.h */,
				BFD62F3B19B669A600D28719 /* Barnes.swift */,
				BFD62F2519B6699600D28719 /* Supporting Files */,
			);
			path = Barnes;
			sourceTree = "<group>";
		};
		BFD62F2519B6699600D28719 /* Supporting Files */ = {
			isa = PBXGroup;
			children = (
				BFD62F2619B6699600D28719 /* Info.plist */,
			);
			name = "Supporting Files";
			sourceTree = "<group>";
		};
		BFD62F2E19B6699600D28719 /* BarnesTests */ = {
			isa = PBXGroup;
			children = (
				BFD62F3119B6699600D28719 /* BarnesTests.swift */,
				BFD62F2F19B6699600D28719 /* Supporting Files */,
			);
			path = BarnesTests;
			sourceTree = "<group>";
		};
		BFD62F2F19B6699600D28719 /* Supporting Files */ = {
			isa = PBXGroup;
			children = (
				BFD62F3019B6699600D28719 /* Info.plist */,
			);
			name = "Supporting Files";
			sourceTree = "<group>";
		};
/* End PBXGroup section */

/* Begin PBXHeadersBuildPhase section */
		BFD62F1F19B6699600D28719 /* Headers */ = {
			isa = PBXHeadersBuildPhase;
			buildActionMask = 2147483647;
			files = (
				BFD62F2819B6699600D28719 /* Barnes.h in Headers */,
			);
			runOnlyForDeploymentPostprocessing = 0;
		};
/* End PBXHeadersBuildPhase section */

/* Begin PBXNativeTarget section */
		BFD62F2119B6699600D28719 /* Barnes */ = {
			isa = PBXNativeTarget;
			buildConfigurationList = BFD62F3519B6699600D28719 /* Build configuration list for PBXNativeTarget "Barnes" */;
			buildPhases = (
				BFD62F1D19B6699600D28719 /* Sources */,
				BFD62F1E19B6699600D28719 /* Frameworks */,
				BFD62F1F19B6699600D28719 /* Headers */,
				BFD62F2019B6699600D28719 /* Resources */,
			);
			buildRules = (
			);
			dependencies = (
			);
			name = Barnes;
			productName = Barnes;
			productReference = BFD62F2219B6699600D28719 /* Barnes.framework */;
			productType = "com.apple.product-type.framework";
		};
		BFD62F2C19B6699600D28719 /* BarnesTests */ = {
			isa = PBXNativeTarget;
			buildConfigurationList = BFD62F3819B6699600D28719 /* Build configuration list for PBXNativeTarget "BarnesTests" */;
			buildPhases = (
				BFD62F2919B6699600D28719 /* Sources */,
				BFD62F2A19B6699600D28719 /* Frameworks */,
				BFD62F2B19B6699600D28719 /* Resources */,
			);
			buildRules = (
			);
			dependencies = (
			);
			name = BarnesTests;
			productName = BarnesTests;
			productReference = BFD62F2D19B6699600D28719 /* BarnesTests.xctest */;
			productType = "com.apple.product-type.bundle.unit-test";
		};
/* End PBXNativeTarget section */

/* Begin PBXProject section */
		BFD62F1919B6699600D28719 /* Project object */ = {
			isa = PBXProject;
			attributes = {
				LastUpgradeCheck = 0600;
				ORGANIZATIONNAME = swizzlr;
				TargetAttributes = {
					BFD62F2119B6699600D28719 = {
						CreatedOnToolsVersion = 6.0;
					};
					BFD62F2C19B6699600D28719 = {
						CreatedOnToolsVersion = 6.0;
					};
				};
			};
			buildConfigurationList = BFD62F1C19B6699600D28719 /* Build configuration list for PBXProject "Barnes" */;
			compatibilityVersion = "Xcode 3.2";
			developmentRegion = English;
			hasScannedForEncodings = 0;
			knownRegions = (
				en,
			);
			mainGroup = BFD62F1819B6699600D28719;
			productRefGroup = BFD62F2319B6699600D28719 /* Products */;
			projectDirPath = "";
			projectRoot = "";
			targets = (
				BFD62F2119B6699600D28719 /* Barnes */,
				BFD62F2C19B6699600D28719 /* BarnesTests */,
			);
		};
/* End PBXProject section */

/* Begin PBXResourcesBuildPhase section */
		BFD62F2019B6699600D28719 /* Resources */ = {
			isa = PBXResourcesBuildPhase;
			buildActionMask = 2147483647;
			files = (
			);
			runOnlyForDeploymentPostprocessing = 0;
		};
		BFD62F2B19B6699600D28719 /* Resources */ = {
			isa = PBXResourcesBuildPhase;
			buildActionMask = 2147483647;
			files = (
			);
			runOnlyForDeploymentPostprocessing = 0;
		};
/* End PBXResourcesBuildPhase section */

/* Begin PBXSourcesBuildPhase section */
		BFD62F1D19B6699600D28719 /* Sources */ = {
			isa = PBXSourcesBuildPhase;
			buildActionMask = 2147483647;
			files = (
				BFD62F3C19B669A600D28719 /* Barnes.swift in Sources */,
			);
			runOnlyForDeploymentPostprocessing = 0;
		};
		BFD62F2919B6699600D28719 /* Sources */ = {
			isa = PBXSourcesBuildPhase;
			buildActionMask = 2147483647;
			files = (
				BFD62F3219B6699600D28719 /* BarnesTests.swift in Sources */,
			);
			runOnlyForDeploymentPostprocessing = 0;
		};
/* End PBXSourcesBuildPhase section */

/* Begin XCBuildConfiguration section */
		BFD62F3319B6699600D28719 /* Debug */ = {
			isa = XCBuildConfiguration;
			buildSettings = {
				ALWAYS_SEARCH_USER_PATHS = NO;
				CLANG_CXX_LANGUAGE_STANDARD = "gnu++0x";
				CLANG_CXX_LIBRARY = "libc++";
				CLANG_ENABLE_MODULES = YES;
				CLANG_ENABLE_OBJC_ARC = YES;
				CLANG_WARN_BOOL_CONVERSION = YES;
				CLANG_WARN_CONSTANT_CONVERSION = YES;
				CLANG_WARN_DIRECT_OBJC_ISA_USAGE = YES_ERROR;
				CLANG_WARN_EMPTY_BODY = YES;
				CLANG_WARN_ENUM_CONVERSION = YES;
				CLANG_WARN_INT_CONVERSION = YES;
				CLANG_WARN_OBJC_ROOT_CLASS = YES_ERROR;
				CLANG_WARN_UNREACHABLE_CODE = YES;
				CLANG_WARN__DUPLICATE_METHOD_MATCH = YES;
				COPY_PHASE_STRIP = NO;
				CURRENT_PROJECT_VERSION = 1;
				ENABLE_STRICT_OBJC_MSGSEND = YES;
				GCC_C_LANGUAGE_STANDARD = gnu99;
				GCC_DYNAMIC_NO_PIC = NO;
				GCC_OPTIMIZATION_LEVEL = 0;
				GCC_PREPROCESSOR_DEFINITIONS = (
					"DEBUG=1",
					"$(inherited)",
				);
				GCC_SYMBOLS_PRIVATE_EXTERN = NO;
				GCC_WARN_64_TO_32_BIT_CONVERSION = YES;
				GCC_WARN_ABOUT_RETURN_TYPE = YES_ERROR;
				GCC_WARN_UNDECLARED_SELECTOR = YES;
				GCC_WARN_UNINITIALIZED_AUTOS = YES_AGGRESSIVE;
				GCC_WARN_UNUSED_FUNCTION = YES;
				GCC_WARN_UNUSED_VARIABLE = YES;
				MACOSX_DEPLOYMENT_TARGET = 10.9;
				MTL_ENABLE_DEBUG_INFO = YES;
				ONLY_ACTIVE_ARCH = YES;
				SDKROOT = macosx;
				SWIFT_OPTIMIZATION_LEVEL = "-Onone";
				VERSIONING_SYSTEM = "apple-generic";
				VERSION_INFO_PREFIX = "";
			};
			name = Debug;
		};
		BFD62F3419B6699600D28719 /* Release */ = {
			isa = XCBuildConfiguration;
			buildSettings = {
				ALWAYS_SEARCH_USER_PATHS = NO;
				CLANG_CXX_LANGUAGE_STANDARD = "gnu++0x";
				CLANG_CXX_LIBRARY = "libc++";
				CLANG_ENABLE_MODULES = YES;
				CLANG_ENABLE_OBJC_ARC = YES;
				CLANG_WARN_BOOL_CONVERSION = YES;
				CLANG_WARN_CONSTANT_CONVERSION = YES;
				CLANG_WARN_DIRECT_OBJC_ISA_USAGE = YES_ERROR;
				CLANG_WARN_EMPTY_BODY = YES;
				CLANG_WARN_ENUM_CONVERSION = YES;
				CLANG_WARN_INT_CONVERSION = YES;
				CLANG_WARN_OBJC_ROOT_CLASS = YES_ERROR;
				CLANG_WARN_UNREACHABLE_CODE = YES;
				CLANG_WARN__DUPLICATE_METHOD_MATCH = YES;
				COPY_PHASE_STRIP = YES;
				CURRENT_PROJECT_VERSION = 1;
				DEBUG_INFORMATION_FORMAT = "dwarf-with-dsym";
				ENABLE_NS_ASSERTIONS = NO;
				ENABLE_STRICT_OBJC_MSGSEND = YES;
				GCC_C_LANGUAGE_STANDARD = gnu99;
				GCC_WARN_64_TO_32_BIT_CONVERSION = YES;
				GCC_WARN_ABOUT_RETURN_TYPE = YES_ERROR;
				GCC_WARN_UNDECLARED_SELECTOR = YES;
				GCC_WARN_UNINITIALIZED_AUTOS = YES_AGGRESSIVE;
				GCC_WARN_UNUSED_FUNCTION = YES;
				GCC_WARN_UNUSED_VARIABLE = YES;
				MACOSX_DEPLOYMENT_TARGET = 10.9;
				MTL_ENABLE_DEBUG_INFO = NO;
				SDKROOT = macosx;
				VERSIONING_SYSTEM = "apple-generic";
				VERSION_INFO_PREFIX = "";
			};
			name = Release;
		};
		BFD62F3619B6699600D28719 /* Debug */ = {
			isa = XCBuildConfiguration;
			buildSettings = {
				CLANG_ENABLE_MODULES = YES;
				COMBINE_HIDPI_IMAGES = YES;
				DEFINES_MODULE = YES;
				DYLIB_COMPATIBILITY_VERSION = 1;
				DYLIB_CURRENT_VERSION = 1;
				DYLIB_INSTALL_NAME_BASE = "@rpath";
				FRAMEWORK_SEARCH_PATHS = (
					"$(inherited)",
					"$(USER_LIBRARY_DIR)/Developer/Xcode/DerivedData/Underwood-ahwpnkhqvzliorgexzxtkpvmvbiy/Build/Products/Debug",
				);
				FRAMEWORK_VERSION = A;
				INFOPLIST_FILE = Barnes/Info.plist;
				INSTALL_PATH = "$(LOCAL_LIBRARY_DIR)/Frameworks";
				LD_RUNPATH_SEARCH_PATHS = "$(inherited) @executable_path/../Frameworks @loader_path/Frameworks";
				PRODUCT_NAME = "$(TARGET_NAME)";
				SKIP_INSTALL = YES;
				SWIFT_OPTIMIZATION_LEVEL = "-Onone";
			};
			name = Debug;
		};
		BFD62F3719B6699600D28719 /* Release */ = {
			isa = XCBuildConfiguration;
			buildSettings = {
				CLANG_ENABLE_MODULES = YES;
				COMBINE_HIDPI_IMAGES = YES;
				DEFINES_MODULE = YES;
				DYLIB_COMPATIBILITY_VERSION = 1;
				DYLIB_CURRENT_VERSION = 1;
				DYLIB_INSTALL_NAME_BASE = "@rpath";
				FRAMEWORK_SEARCH_PATHS = (
					"$(inherited)",
					"$(USER_LIBRARY_DIR)/Developer/Xcode/DerivedData/Underwood-ahwpnkhqvzliorgexzxtkpvmvbiy/Build/Products/Debug",
				);
				FRAMEWORK_VERSION = A;
				INFOPLIST_FILE = Barnes/Info.plist;
				INSTALL_PATH = "$(LOCAL_LIBRARY_DIR)/Frameworks";
				LD_RUNPATH_SEARCH_PATHS = "$(inherited) @executable_path/../Frameworks @loader_path/Frameworks";
				PRODUCT_NAME = "$(TARGET_NAME)";
				SKIP_INSTALL = YES;
			};
			name = Release;
		};
		BFD62F3919B6699600D28719 /* Debug */ = {
			isa = XCBuildConfiguration;
			buildSettings = {
				COMBINE_HIDPI_IMAGES = YES;
				FRAMEWORK_SEARCH_PATHS = (
					"$(DEVELOPER_FRAMEWORKS_DIR)",
					"$(inherited)",
				);
				GCC_PREPROCESSOR_DEFINITIONS = (
					"DEBUG=1",
					"$(inherited)",
				);
				INFOPLIST_FILE = BarnesTests/Info.plist;
				LD_RUNPATH_SEARCH_PATHS = "$(inherited) @executable_path/../Frameworks @loader_path/../Frameworks";
				PRODUCT_NAME = "$(TARGET_NAME)";
			};
			name = Debug;
		};
		BFD62F3A19B6699600D28719 /* Release */ = {
			isa = XCBuildConfiguration;
			buildSettings = {
				COMBINE_HIDPI_IMAGES = YES;
				FRAMEWORK_SEARCH_PATHS = (
					"$(DEVELOPER_FRAMEWORKS_DIR)",
					"$(inherited)",
				);
				INFOPLIST_FILE = BarnesTests/Info.plist;
				LD_RUNPATH_SEARCH_PATHS = "$(inherited) @executable_path/../Frameworks @loader_path/../Frameworks";
				PRODUCT_NAME = "$(TARGET_NAME)";
			};
			name = Release;
		};
/* End XCBuildConfiguration section */

/* Begin XCConfigurationList section */
		BFD62F1C19B6699600D28719 /* Build configuration list for PBXProject "Barnes" */ = {
			isa = XCConfigurationList;
			buildConfigurations = (
				BFD62F3319B6699600D28719 /* Debug */,
				BFD62F3419B6699600D28719 /* Release */,
			);
			defaultConfigurationIsVisible = 0;
			defaultConfigurationName = Release;
		};
		BFD62F3519B6699600D28719 /* Build configuration list for PBXNativeTarget "Barnes" */ = {
			isa = XCConfigurationList;
			buildConfigurations = (
				BFD62F3619B6699600D28719 /* Debug */,
				BFD62F3719B6699600D28719 /* Release */,
			);
			defaultConfigurationIsVisible = 0;
		};
		BFD62F3819B6699600D28719 /* Build configuration list for PBXNativeTarget "BarnesTests" */ = {
			isa = XCConfigurationList;
			buildConfigurations = (
				BFD62F3919B6699600D28719 /* Debug */,
				BFD62F3A19B6699600D28719 /* Release */,
			);
			defaultConfigurationIsVisible = 0;
		};
/* End XCConfigurationList section */
	};
	rootObject = BFD62F1919B6699600D28719 /* Project object */;
}
