// !$*UTF8*$!
{
	archiveVersion = 1;
	classes = {
	};
	objectVersion = 46;
	objects = {

/* Begin PBXBuildFile section */
		BF045C6519B4C8F20083C1B6 /* MyApp.swift in Sources */ = {isa = PBXBuildFile; fileRef = BF045C6419B4C8F20083C1B6 /* MyApp.swift */; };
		BFADA42219B105C300AF3D5F /* main.swift in Sources */ = {isa = PBXBuildFile; fileRef = BFADA42119B105C300AF3D5F /* main.swift */; };
		BFADA42919B1064B00AF3D5F /* Underwood.framework in Frameworks */ = {isa = PBXBuildFile; fileRef = BFADA42819B1064B00AF3D5F /* Underwood.framework */; };
/* End PBXBuildFile section */

/* Begin PBXCopyFilesBuildPhase section */
		BFADA41C19B105C300AF3D5F /* CopyFiles */ = {
			isa = PBXCopyFilesBuildPhase;
			buildActionMask = 2147483647;
			dstPath = /usr/share/man/man1/;
			dstSubfolderSpec = 0;
			files = (
			);
			runOnlyForDeploymentPostprocessing = 1;
		};
/* End PBXCopyFilesBuildPhase section */

/* Begin PBXFileReference section */
		BF045C6419B4C8F20083C1B6 /* MyApp.swift */ = {isa = PBXFileReference; fileEncoding = 4; lastKnownFileType = sourcecode.swift; path = MyApp.swift; sourceTree = "<group>"; };
		BFADA41E19B105C300AF3D5F /* MyWebApp */ = {isa = PBXFileReference; explicitFileType = "compiled.mach-o.executable"; includeInIndex = 0; path = MyWebApp; sourceTree = BUILT_PRODUCTS_DIR; };
		BFADA42119B105C300AF3D5F /* main.swift */ = {isa = PBXFileReference; lastKnownFileType = sourcecode.swift; path = main.swift; sourceTree = "<group>"; };
		BFADA42819B1064B00AF3D5F /* Underwood.framework */ = {isa = PBXFileReference; lastKnownFileType = wrapper.framework; name = Underwood.framework; path = "../../../../Library/Developer/Xcode/DerivedData/Underwood-ahwpnkhqvzliorgexzxtkpvmvbiy/Build/Products/Debug/Underwood.framework"; sourceTree = "<group>"; };
/* End PBXFileReference section */

/* Begin PBXFrameworksBuildPhase section */
		BFADA41B19B105C300AF3D5F /* Frameworks */ = {
			isa = PBXFrameworksBuildPhase;
			buildActionMask = 2147483647;
			files = (
				BFADA42919B1064B00AF3D5F /* Underwood.framework in Frameworks */,
			);
			runOnlyForDeploymentPostprocessing = 0;
		};
/* End PBXFrameworksBuildPhase section */

/* Begin PBXGroup section */
		BFADA41519B105C300AF3D5F = {
			isa = PBXGroup;
			children = (
				BFADA42819B1064B00AF3D5F /* Underwood.framework */,
				BFADA42019B105C300AF3D5F /* MyWebApp */,
				BFADA41F19B105C300AF3D5F /* Products */,
			);
			sourceTree = "<group>";
		};
		BFADA41F19B105C300AF3D5F /* Products */ = {
			isa = PBXGroup;
			children = (
				BFADA41E19B105C300AF3D5F /* MyWebApp */,
			);
			name = Products;
			sourceTree = "<group>";
		};
		BFADA42019B105C300AF3D5F /* MyWebApp */ = {
			isa = PBXGroup;
			children = (
				BFADA42119B105C300AF3D5F /* main.swift */,
				BF045C6419B4C8F20083C1B6 /* MyApp.swift */,
			);
			path = MyWebApp;
			sourceTree = "<group>";
		};
/* End PBXGroup section */

/* Begin PBXNativeTarget section */
		BFADA41D19B105C300AF3D5F /* MyWebApp */ = {
			isa = PBXNativeTarget;
			buildConfigurationList = BFADA42519B105C300AF3D5F /* Build configuration list for PBXNativeTarget "MyWebApp" */;
			buildPhases = (
				BFADA41A19B105C300AF3D5F /* Sources */,
				BFADA41B19B105C300AF3D5F /* Frameworks */,
				BFADA41C19B105C300AF3D5F /* CopyFiles */,
			);
			buildRules = (
			);
			dependencies = (
			);
			name = MyWebApp;
			productName = MyWebApp;
			productReference = BFADA41E19B105C300AF3D5F /* MyWebApp */;
			productType = "com.apple.product-type.tool";
		};
/* End PBXNativeTarget section */

/* Begin PBXProject section */
		BFADA41619B105C300AF3D5F /* Project object */ = {
			isa = PBXProject;
			attributes = {
				LastUpgradeCheck = 0600;
				ORGANIZATIONNAME = swizzlr;
				TargetAttributes = {
					BFADA41D19B105C300AF3D5F = {
						CreatedOnToolsVersion = 6.0;
					};
				};
			};
			buildConfigurationList = BFADA41919B105C300AF3D5F /* Build configuration list for PBXProject "MyWebApp" */;
			compatibilityVersion = "Xcode 3.2";
			developmentRegion = English;
			hasScannedForEncodings = 0;
			knownRegions = (
				en,
			);
			mainGroup = BFADA41519B105C300AF3D5F;
			productRefGroup = BFADA41F19B105C300AF3D5F /* Products */;
			projectDirPath = "";
			projectRoot = "";
			targets = (
				BFADA41D19B105C300AF3D5F /* MyWebApp */,
			);
		};
/* End PBXProject section */

/* Begin PBXSourcesBuildPhase section */
		BFADA41A19B105C300AF3D5F /* Sources */ = {
			isa = PBXSourcesBuildPhase;
			buildActionMask = 2147483647;
			files = (
				BFADA42219B105C300AF3D5F /* main.swift in Sources */,
				BF045C6519B4C8F20083C1B6 /* MyApp.swift in Sources */,
			);
			runOnlyForDeploymentPostprocessing = 0;
		};
/* End PBXSourcesBuildPhase section */

/* Begin XCBuildConfiguration section */
		BFADA42319B105C300AF3D5F /* Debug */ = {
			isa = XCBuildConfiguration;
			buildSettings = {
				ALWAYS_SEARCH_USER_PATHS = NO;
				CLANG_CXX_LANGUAGE_STANDARD = "gnu++0x";
				CLANG_CXX_LIBRARY = "libc++";
				CLANG_ENABLE_MODULES = YES;
				CLANG_ENABLE_OBJC_ARC = YES;
				CLANG_WARN_BOOL_CONVERSION = YES;
				CLANG_WARN_CONSTANT_CONVERSION = YES;
				CLANG_WARN_DIRECT_OBJC_ISA_USAGE = YES_ERROR;
				CLANG_WARN_EMPTY_BODY = YES;
				CLANG_WARN_ENUM_CONVERSION = YES;
				CLANG_WARN_INT_CONVERSION = YES;
				CLANG_WARN_OBJC_ROOT_CLASS = YES_ERROR;
				CLANG_WARN_UNREACHABLE_CODE = YES;
				CLANG_WARN__DUPLICATE_METHOD_MATCH = YES;
				COPY_PHASE_STRIP = NO;
				ENABLE_STRICT_OBJC_MSGSEND = YES;
				GCC_C_LANGUAGE_STANDARD = gnu99;
				GCC_DYNAMIC_NO_PIC = NO;
				GCC_OPTIMIZATION_LEVEL = 0;
				GCC_PREPROCESSOR_DEFINITIONS = (
					"DEBUG=1",
					"$(inherited)",
				);
				GCC_SYMBOLS_PRIVATE_EXTERN = NO;
				GCC_WARN_64_TO_32_BIT_CONVERSION = YES;
				GCC_WARN_ABOUT_RETURN_TYPE = YES_ERROR;
				GCC_WARN_UNDECLARED_SELECTOR = YES;
				GCC_WARN_UNINITIALIZED_AUTOS = YES_AGGRESSIVE;
				GCC_WARN_UNUSED_FUNCTION = YES;
				GCC_WARN_UNUSED_VARIABLE = YES;
				MACOSX_DEPLOYMENT_TARGET = 10.9;
				MTL_ENABLE_DEBUG_INFO = YES;
				ONLY_ACTIVE_ARCH = YES;
				SDKROOT = macosx;
				SWIFT_OPTIMIZATION_LEVEL = "-Onone";
			};
			name = Debug;
		};
		BFADA42419B105C300AF3D5F /* Release */ = {
			isa = XCBuildConfiguration;
			buildSettings = {
				ALWAYS_SEARCH_USER_PATHS = NO;
				CLANG_CXX_LANGUAGE_STANDARD = "gnu++0x";
				CLANG_CXX_LIBRARY = "libc++";
				CLANG_ENABLE_MODULES = YES;
				CLANG_ENABLE_OBJC_ARC = YES;
				CLANG_WARN_BOOL_CONVERSION = YES;
				CLANG_WARN_CONSTANT_CONVERSION = YES;
				CLANG_WARN_DIRECT_OBJC_ISA_USAGE = YES_ERROR;
				CLANG_WARN_EMPTY_BODY = YES;
				CLANG_WARN_ENUM_CONVERSION = YES;
				CLANG_WARN_INT_CONVERSION = YES;
				CLANG_WARN_OBJC_ROOT_CLASS = YES_ERROR;
				CLANG_WARN_UNREACHABLE_CODE = YES;
				CLANG_WARN__DUPLICATE_METHOD_MATCH = YES;
				COPY_PHASE_STRIP = YES;
				DEBUG_INFORMATION_FORMAT = "dwarf-with-dsym";
				ENABLE_NS_ASSERTIONS = NO;
				ENABLE_STRICT_OBJC_MSGSEND = YES;
				GCC_C_LANGUAGE_STANDARD = gnu99;
				GCC_WARN_64_TO_32_BIT_CONVERSION = YES;
				GCC_WARN_ABOUT_RETURN_TYPE = YES_ERROR;
				GCC_WARN_UNDECLARED_SELECTOR = YES;
				GCC_WARN_UNINITIALIZED_AUTOS = YES_AGGRESSIVE;
				GCC_WARN_UNUSED_FUNCTION = YES;
				GCC_WARN_UNUSED_VARIABLE = YES;
				MACOSX_DEPLOYMENT_TARGET = 10.9;
				MTL_ENABLE_DEBUG_INFO = NO;
				SDKROOT = macosx;
			};
			name = Release;
		};
		BFADA42619B105C300AF3D5F /* Debug */ = {
			isa = XCBuildConfiguration;
			buildSettings = {
				FRAMEWORK_SEARCH_PATHS = (
					"$(inherited)",
					"$(USER_LIBRARY_DIR)/Developer/Xcode/DerivedData/Underwood-ahwpnkhqvzliorgexzxtkpvmvbiy/Build/Products/Debug",
				);
				PRODUCT_NAME = "$(TARGET_NAME)";
			};
			name = Debug;
		};
		BFADA42719B105C300AF3D5F /* Release */ = {
			isa = XCBuildConfiguration;
			buildSettings = {
				FRAMEWORK_SEARCH_PATHS = (
					"$(inherited)",
					"$(USER_LIBRARY_DIR)/Developer/Xcode/DerivedData/Underwood-ahwpnkhqvzliorgexzxtkpvmvbiy/Build/Products/Debug",
				);
				PRODUCT_NAME = "$(TARGET_NAME)";
			};
			name = Release;
		};
/* End XCBuildConfiguration section */

/* Begin XCConfigurationList section */
		BFADA41919B105C300AF3D5F /* Build configuration list for PBXProject "MyWebApp" */ = {
			isa = XCConfigurationList;
			buildConfigurations = (
				BFADA42319B105C300AF3D5F /* Debug */,
				BFADA42419B105C300AF3D5F /* Release */,
			);
			defaultConfigurationIsVisible = 0;
			defaultConfigurationName = Release;
		};
		BFADA42519B105C300AF3D5F /* Build configuration list for PBXNativeTarget "MyWebApp" */ = {
			isa = XCConfigurationList;
			buildConfigurations = (
				BFADA42619B105C300AF3D5F /* Debug */,
				BFADA42719B105C300AF3D5F /* Release */,
			);
			defaultConfigurationIsVisible = 0;
			defaultConfigurationName = Release;
		};
/* End XCConfigurationList section */
	};
	rootObject = BFADA41619B105C300AF3D5F /* Project object */;
}
