// !$*UTF8*$!
{
	archiveVersion = 1;
	classes = {
	};
	objectVersion = 46;
	objects = {

/* Begin PBXBuildFile section */
		BF045C7619B5FD930083C1B6 /* Meechum.h in Headers */ = {isa = PBXBuildFile; fileRef = BF045C7519B5FD930083C1B6 /* Meechum.h */; settings = {ATTRIBUTES = (Public, ); }; };
		BF045C8019B5FD930083C1B6 /* MeechumTests.swift in Sources */ = {isa = PBXBuildFile; fileRef = BF045C7F19B5FD930083C1B6 /* MeechumTests.swift */; };
/* End PBXBuildFile section */

/* Begin PBXFileReference section */
		BF045C7019B5FD930083C1B6 /* Meechum.framework */ = {isa = PBXFileReference; explicitFileType = wrapper.framework; includeInIndex = 0; path = Meechum.framework; sourceTree = BUILT_PRODUCTS_DIR; };
		BF045C7419B5FD930083C1B6 /* Info.plist */ = {isa = PBXFileReference; lastKnownFileType = text.plist.xml; path = Info.plist; sourceTree = "<group>"; };
		BF045C7519B5FD930083C1B6 /* Meechum.h */ = {isa = PBXFileReference; lastKnownFileType = sourcecode.c.h; path = Meechum.h; sourceTree = "<group>"; };
		BF045C7B19B5FD930083C1B6 /* MeechumTests.xctest */ = {isa = PBXFileReference; explicitFileType = wrapper.cfbundle; includeInIndex = 0; path = MeechumTests.xctest; sourceTree = BUILT_PRODUCTS_DIR; };
		BF045C7E19B5FD930083C1B6 /* Info.plist */ = {isa = PBXFileReference; lastKnownFileType = text.plist.xml; path = Info.plist; sourceTree = "<group>"; };
		BF045C7F19B5FD930083C1B6 /* MeechumTests.swift */ = {isa = PBXFileReference; lastKnownFileType = sourcecode.swift; path = MeechumTests.swift; sourceTree = "<group>"; };
/* End PBXFileReference section */

/* Begin PBXFrameworksBuildPhase section */
		BF045C6C19B5FD930083C1B6 /* Frameworks */ = {
			isa = PBXFrameworksBuildPhase;
			buildActionMask = 2147483647;
			files = (
			);
			runOnlyForDeploymentPostprocessing = 0;
		};
		BF045C7819B5FD930083C1B6 /* Frameworks */ = {
			isa = PBXFrameworksBuildPhase;
			buildActionMask = 2147483647;
			files = (
			);
			runOnlyForDeploymentPostprocessing = 0;
		};
/* End PBXFrameworksBuildPhase section */

/* Begin PBXGroup section */
		BF045C6619B5FD930083C1B6 = {
			isa = PBXGroup;
			children = (
				BF045C7219B5FD930083C1B6 /* src */,
				BF045C7C19B5FD930083C1B6 /* MeechumTests */,
				BF045C7119B5FD930083C1B6 /* Products */,
			);
			sourceTree = "<group>";
		};
		BF045C7119B5FD930083C1B6 /* Products */ = {
			isa = PBXGroup;
			children = (
				BF045C7019B5FD930083C1B6 /* Meechum.framework */,
				BF045C7B19B5FD930083C1B6 /* MeechumTests.xctest */,
			);
			name = Products;
			sourceTree = "<group>";
		};
		BF045C7219B5FD930083C1B6 /* src */ = {
			isa = PBXGroup;
			children = (
				BF045C7519B5FD930083C1B6 /* Meechum.h */,
				BF045C7319B5FD930083C1B6 /* Supporting Files */,
			);
			path = src;
			sourceTree = "<group>";
		};
		BF045C7319B5FD930083C1B6 /* Supporting Files */ = {
			isa = PBXGroup;
			children = (
				BF045C7419B5FD930083C1B6 /* Info.plist */,
			);
			name = "Supporting Files";
			sourceTree = "<group>";
		};
		BF045C7C19B5FD930083C1B6 /* MeechumTests */ = {
			isa = PBXGroup;
			children = (
				BF045C7F19B5FD930083C1B6 /* MeechumTests.swift */,
				BF045C7D19B5FD930083C1B6 /* Supporting Files */,
			);
			path = MeechumTests;
			sourceTree = "<group>";
		};
		BF045C7D19B5FD930083C1B6 /* Supporting Files */ = {
			isa = PBXGroup;
			children = (
				BF045C7E19B5FD930083C1B6 /* Info.plist */,
			);
			name = "Supporting Files";
			sourceTree = "<group>";
		};
/* End PBXGroup section */

/* Begin PBXHeadersBuildPhase section */
		BF045C6D19B5FD930083C1B6 /* Headers */ = {
			isa = PBXHeadersBuildPhase;
			buildActionMask = 2147483647;
			files = (
				BF045C7619B5FD930083C1B6 /* Meechum.h in Headers */,
			);
			runOnlyForDeploymentPostprocessing = 0;
		};
/* End PBXHeadersBuildPhase section */

/* Begin PBXNativeTarget section */
		BF045C6F19B5FD930083C1B6 /* Meechum */ = {
			isa = PBXNativeTarget;
			buildConfigurationList = BF045C8319B5FD930083C1B6 /* Build configuration list for PBXNativeTarget "Meechum" */;
			buildPhases = (
				BF045C6B19B5FD930083C1B6 /* Sources */,
				BF045C6C19B5FD930083C1B6 /* Frameworks */,
				BF045C6D19B5FD930083C1B6 /* Headers */,
				BF045C6E19B5FD930083C1B6 /* Resources */,
			);
			buildRules = (
			);
			dependencies = (
			);
			name = Meechum;
			productName = Meechum;
			productReference = BF045C7019B5FD930083C1B6 /* Meechum.framework */;
			productType = "com.apple.product-type.framework";
		};
		BF045C7A19B5FD930083C1B6 /* MeechumTests */ = {
			isa = PBXNativeTarget;
			buildConfigurationList = BF045C8619B5FD930083C1B6 /* Build configuration list for PBXNativeTarget "MeechumTests" */;
			buildPhases = (
				BF045C7719B5FD930083C1B6 /* Sources */,
				BF045C7819B5FD930083C1B6 /* Frameworks */,
				BF045C7919B5FD930083C1B6 /* Resources */,
			);
			buildRules = (
			);
			dependencies = (
			);
			name = MeechumTests;
			productName = MeechumTests;
			productReference = BF045C7B19B5FD930083C1B6 /* MeechumTests.xctest */;
			productType = "com.apple.product-type.bundle.unit-test";
		};
/* End PBXNativeTarget section */

/* Begin PBXProject section */
		BF045C6719B5FD930083C1B6 /* Project object */ = {
			isa = PBXProject;
			attributes = {
				LastUpgradeCheck = 0600;
				ORGANIZATIONNAME = swizzlr;
				TargetAttributes = {
					BF045C6F19B5FD930083C1B6 = {
						CreatedOnToolsVersion = 6.0;
					};
					BF045C7A19B5FD930083C1B6 = {
						CreatedOnToolsVersion = 6.0;
					};
				};
			};
			buildConfigurationList = BF045C6A19B5FD930083C1B6 /* Build configuration list for PBXProject "Meechum" */;
			compatibilityVersion = "Xcode 3.2";
			developmentRegion = English;
			hasScannedForEncodings = 0;
			knownRegions = (
				en,
			);
			mainGroup = BF045C6619B5FD930083C1B6;
			productRefGroup = BF045C7119B5FD930083C1B6 /* Products */;
			projectDirPath = "";
			projectRoot = "";
			targets = (
				BF045C6F19B5FD930083C1B6 /* Meechum */,
				BF045C7A19B5FD930083C1B6 /* MeechumTests */,
			);
		};
/* End PBXProject section */

/* Begin PBXResourcesBuildPhase section */
		BF045C6E19B5FD930083C1B6 /* Resources */ = {
			isa = PBXResourcesBuildPhase;
			buildActionMask = 2147483647;
			files = (
			);
			runOnlyForDeploymentPostprocessing = 0;
		};
		BF045C7919B5FD930083C1B6 /* Resources */ = {
			isa = PBXResourcesBuildPhase;
			buildActionMask = 2147483647;
			files = (
			);
			runOnlyForDeploymentPostprocessing = 0;
		};
/* End PBXResourcesBuildPhase section */

/* Begin PBXSourcesBuildPhase section */
		BF045C6B19B5FD930083C1B6 /* Sources */ = {
			isa = PBXSourcesBuildPhase;
			buildActionMask = 2147483647;
			files = (
			);
			runOnlyForDeploymentPostprocessing = 0;
		};
		BF045C7719B5FD930083C1B6 /* Sources */ = {
			isa = PBXSourcesBuildPhase;
			buildActionMask = 2147483647;
			files = (
				BF045C8019B5FD930083C1B6 /* MeechumTests.swift in Sources */,
			);
			runOnlyForDeploymentPostprocessing = 0;
		};
/* End PBXSourcesBuildPhase section */

/* Begin XCBuildConfiguration section */
		BF045C8119B5FD930083C1B6 /* Debug */ = {
			isa = XCBuildConfiguration;
			buildSettings = {
				ALWAYS_SEARCH_USER_PATHS = NO;
				CLANG_CXX_LANGUAGE_STANDARD = "gnu++0x";
				CLANG_CXX_LIBRARY = "libc++";
				CLANG_ENABLE_MODULES = YES;
				CLANG_ENABLE_OBJC_ARC = YES;
				CLANG_WARN_BOOL_CONVERSION = YES;
				CLANG_WARN_CONSTANT_CONVERSION = YES;
				CLANG_WARN_DIRECT_OBJC_ISA_USAGE = YES_ERROR;
				CLANG_WARN_EMPTY_BODY = YES;
				CLANG_WARN_ENUM_CONVERSION = YES;
				CLANG_WARN_INT_CONVERSION = YES;
				CLANG_WARN_OBJC_ROOT_CLASS = YES_ERROR;
				CLANG_WARN_UNREACHABLE_CODE = YES;
				CLANG_WARN__DUPLICATE_METHOD_MATCH = YES;
				COPY_PHASE_STRIP = NO;
				CURRENT_PROJECT_VERSION = 1;
				ENABLE_STRICT_OBJC_MSGSEND = YES;
				GCC_C_LANGUAGE_STANDARD = gnu99;
				GCC_DYNAMIC_NO_PIC = NO;
				GCC_OPTIMIZATION_LEVEL = 0;
				GCC_PREPROCESSOR_DEFINITIONS = (
					"DEBUG=1",
					"$(inherited)",
				);
				GCC_SYMBOLS_PRIVATE_EXTERN = NO;
				GCC_WARN_64_TO_32_BIT_CONVERSION = YES;
				GCC_WARN_ABOUT_RETURN_TYPE = YES_ERROR;
				GCC_WARN_UNDECLARED_SELECTOR = YES;
				GCC_WARN_UNINITIALIZED_AUTOS = YES_AGGRESSIVE;
				GCC_WARN_UNUSED_FUNCTION = YES;
				GCC_WARN_UNUSED_VARIABLE = YES;
				MACOSX_DEPLOYMENT_TARGET = 10.9;
				MTL_ENABLE_DEBUG_INFO = YES;
				ONLY_ACTIVE_ARCH = YES;
				SDKROOT = macosx;
				SWIFT_OPTIMIZATION_LEVEL = "-Onone";
				VERSIONING_SYSTEM = "apple-generic";
				VERSION_INFO_PREFIX = "";
			};
			name = Debug;
		};
		BF045C8219B5FD930083C1B6 /* Release */ = {
			isa = XCBuildConfiguration;
			buildSettings = {
				ALWAYS_SEARCH_USER_PATHS = NO;
				CLANG_CXX_LANGUAGE_STANDARD = "gnu++0x";
				CLANG_CXX_LIBRARY = "libc++";
				CLANG_ENABLE_MODULES = YES;
				CLANG_ENABLE_OBJC_ARC = YES;
				CLANG_WARN_BOOL_CONVERSION = YES;
				CLANG_WARN_CONSTANT_CONVERSION = YES;
				CLANG_WARN_DIRECT_OBJC_ISA_USAGE = YES_ERROR;
				CLANG_WARN_EMPTY_BODY = YES;
				CLANG_WARN_ENUM_CONVERSION = YES;
				CLANG_WARN_INT_CONVERSION = YES;
				CLANG_WARN_OBJC_ROOT_CLASS = YES_ERROR;
				CLANG_WARN_UNREACHABLE_CODE = YES;
				CLANG_WARN__DUPLICATE_METHOD_MATCH = YES;
				COPY_PHASE_STRIP = YES;
				CURRENT_PROJECT_VERSION = 1;
				DEBUG_INFORMATION_FORMAT = "dwarf-with-dsym";
				ENABLE_NS_ASSERTIONS = NO;
				ENABLE_STRICT_OBJC_MSGSEND = YES;
				GCC_C_LANGUAGE_STANDARD = gnu99;
				GCC_WARN_64_TO_32_BIT_CONVERSION = YES;
				GCC_WARN_ABOUT_RETURN_TYPE = YES_ERROR;
				GCC_WARN_UNDECLARED_SELECTOR = YES;
				GCC_WARN_UNINITIALIZED_AUTOS = YES_AGGRESSIVE;
				GCC_WARN_UNUSED_FUNCTION = YES;
				GCC_WARN_UNUSED_VARIABLE = YES;
				MACOSX_DEPLOYMENT_TARGET = 10.9;
				MTL_ENABLE_DEBUG_INFO = NO;
				SDKROOT = macosx;
				VERSIONING_SYSTEM = "apple-generic";
				VERSION_INFO_PREFIX = "";
			};
			name = Release;
		};
		BF045C8419B5FD930083C1B6 /* Debug */ = {
			isa = XCBuildConfiguration;
			buildSettings = {
				COMBINE_HIDPI_IMAGES = YES;
				DEFINES_MODULE = YES;
				DYLIB_COMPATIBILITY_VERSION = 1;
				DYLIB_CURRENT_VERSION = 1;
				DYLIB_INSTALL_NAME_BASE = "@rpath";
				FRAMEWORK_VERSION = A;
				INFOPLIST_FILE = "$(SRCROOT)/src/Info.plist";
				INSTALL_PATH = "$(LOCAL_LIBRARY_DIR)/Frameworks";
				LD_RUNPATH_SEARCH_PATHS = "$(inherited) @executable_path/../Frameworks @loader_path/Frameworks";
				PRODUCT_NAME = "$(TARGET_NAME)";
				SKIP_INSTALL = YES;
			};
			name = Debug;
		};
		BF045C8519B5FD930083C1B6 /* Release */ = {
			isa = XCBuildConfiguration;
			buildSettings = {
				COMBINE_HIDPI_IMAGES = YES;
				DEFINES_MODULE = YES;
				DYLIB_COMPATIBILITY_VERSION = 1;
				DYLIB_CURRENT_VERSION = 1;
				DYLIB_INSTALL_NAME_BASE = "@rpath";
				FRAMEWORK_VERSION = A;
				INFOPLIST_FILE = "$(SRCROOT)/src/Info.plist";
				INSTALL_PATH = "$(LOCAL_LIBRARY_DIR)/Frameworks";
				LD_RUNPATH_SEARCH_PATHS = "$(inherited) @executable_path/../Frameworks @loader_path/Frameworks";
				PRODUCT_NAME = "$(TARGET_NAME)";
				SKIP_INSTALL = YES;
			};
			name = Release;
		};
		BF045C8719B5FD930083C1B6 /* Debug */ = {
			isa = XCBuildConfiguration;
			buildSettings = {
				COMBINE_HIDPI_IMAGES = YES;
				FRAMEWORK_SEARCH_PATHS = (
					"$(DEVELOPER_FRAMEWORKS_DIR)",
					"$(inherited)",
				);
				GCC_PREPROCESSOR_DEFINITIONS = (
					"DEBUG=1",
					"$(inherited)",
				);
				INFOPLIST_FILE = MeechumTests/Info.plist;
				LD_RUNPATH_SEARCH_PATHS = "$(inherited) @executable_path/../Frameworks @loader_path/../Frameworks";
				PRODUCT_NAME = "$(TARGET_NAME)";
			};
			name = Debug;
		};
		BF045C8819B5FD930083C1B6 /* Release */ = {
			isa = XCBuildConfiguration;
			buildSettings = {
				COMBINE_HIDPI_IMAGES = YES;
				FRAMEWORK_SEARCH_PATHS = (
					"$(DEVELOPER_FRAMEWORKS_DIR)",
					"$(inherited)",
				);
				INFOPLIST_FILE = MeechumTests/Info.plist;
				LD_RUNPATH_SEARCH_PATHS = "$(inherited) @executable_path/../Frameworks @loader_path/../Frameworks";
				PRODUCT_NAME = "$(TARGET_NAME)";
			};
			name = Release;
		};
/* End XCBuildConfiguration section */

/* Begin XCConfigurationList section */
		BF045C6A19B5FD930083C1B6 /* Build configuration list for PBXProject "Meechum" */ = {
			isa = XCConfigurationList;
			buildConfigurations = (
				BF045C8119B5FD930083C1B6 /* Debug */,
				BF045C8219B5FD930083C1B6 /* Release */,
			);
			defaultConfigurationIsVisible = 0;
			defaultConfigurationName = Release;
		};
		BF045C8319B5FD930083C1B6 /* Build configuration list for PBXNativeTarget "Meechum" */ = {
			isa = XCConfigurationList;
			buildConfigurations = (
				BF045C8419B5FD930083C1B6 /* Debug */,
				BF045C8519B5FD930083C1B6 /* Release */,
			);
			defaultConfigurationIsVisible = 0;
			defaultConfigurationName = Release;
		};
		BF045C8619B5FD930083C1B6 /* Build configuration list for PBXNativeTarget "MeechumTests" */ = {
			isa = XCConfigurationList;
			buildConfigurations = (
				BF045C8719B5FD930083C1B6 /* Debug */,
				BF045C8819B5FD930083C1B6 /* Release */,
			);
			defaultConfigurationIsVisible = 0;
			defaultConfigurationName = Release;
		};
/* End XCConfigurationList section */
	};
	rootObject = BF045C6719B5FD930083C1B6 /* Project object */;
}
